
Microsoft Visual Studio Solution File, Format Version 12.00
# Visual Studio Version 16
VisualStudioVersion = 16.0.28729.10
MinimumVisualStudioVersion = 10.0.40219.1
Project("{FAE04EC0-301F-11D3-BF4B-00C04F79EFBC}") = "wpf-samples-keyboard-tips", "wpf-samples-keyboard-tips\wpf-samples-keyboard-tips.csproj", "{67224801-F980-42CB-97C3-168D2F1B9980}"
EndProject
Global
	GlobalSection(SolutionConfigurationPlatforms) = preSolution
		Debug|Any CPU = Debug|Any CPU
		Release|Any CPU = Release|Any CPU
	EndGlobalSection
	GlobalSection(ProjectConfigurationPlatforms) = postSolution
		{67224801-F980-42CB-97C3-168D2F1B9980}.Debug|Any CPU.ActiveCfg = Debug|Any CPU
		{67224801-F980-42CB-97C3-168D2F1B9980}.Debug|Any CPU.Build.0 = Debug|Any CPU
		{67224801-F980-42CB-97C3-168D2F1B9980}.Release|Any CPU.ActiveCfg = Release|Any CPU
		{67224801-F980-42CB-97C3-168D2F1B9980}.Release|Any CPU.Build.0 = Release|Any CPU
	EndGlobalSection
	GlobalSection(SolutionProperties) = preSolution
		HideSolutionNode = FALSE
	EndGlobalSection
	GlobalSection(ExtensibilityGlobals) = postSolution
		SolutionGuid = {BD9D3340-1299-4636-BD74-EB92B7B4469E}
	EndGlobalSection
EndGlobal
